
Microsoft Visual Studio Solution File, Format Version 12.00
# Visual Studio 15
VisualStudioVersion = 15.0.26730.12
MinimumVisualStudioVersion = 10.0.40219.1
Project("{FAE04EC0-301F-11D3-BF4B-00C04F79EFBC}") = "Projekt", "Projekt\Projekt.csproj", "{CF99AF3F-8160-4EFD-B245-C5419B70ACCA}"
EndProject
Global
	GlobalSection(SolutionConfigurationPlatforms) = preSolution
		Debug|Any CPU = Debug|Any CPU
		Release|Any CPU = Release|Any CPU
	EndGlobalSection
	GlobalSection(ProjectConfigurationPlatforms) = postSolution
		{CF99AF3F-8160-4EFD-B245-C5419B70ACCA}.Debug|Any CPU.ActiveCfg = Debug|Any CPU
		{CF99AF3F-8160-4EFD-B245-C5419B70ACCA}.Debug|Any CPU.Build.0 = Debug|Any CPU
		{CF99AF3F-8160-4EFD-B245-C5419B70ACCA}.Release|Any CPU.ActiveCfg = Release|Any CPU
		{CF99AF3F-8160-4EFD-B245-C5419B70ACCA}.Release|Any CPU.Build.0 = Release|Any CPU
	EndGlobalSection
	GlobalSection(SolutionProperties) = preSolution
		HideSolutionNode = FALSE
	EndGlobalSection
	GlobalSection(ExtensibilityGlobals) = postSolution
		SolutionGuid = {F06C9354-3687-4FE8-A5B2-E8312D22E396}
	EndGlobalSection
EndGlobal
